
Microsoft Visual Studio Solution File, Format Version 12.00
# Visual Studio Express 2012 for Windows Phone
Project("{FAE04EC0-301F-11D3-BF4B-00C04F79EFBC}") = "SimpleListener", "SimpleListener\SimpleListener.csproj", "{6614C3E2-3672-412D-9A34-D5ABEC13AD13}"
EndProject
Global
	GlobalSection(SolutionConfigurationPlatforms) = preSolution
		Debug|Any CPU = Debug|Any CPU
		Debug|ARM = Debug|ARM
		Debug|x86 = Debug|x86
		Release|Any CPU = Release|Any CPU
		Release|ARM = Release|ARM
		Release|x86 = Release|x86
	EndGlobalSection
	GlobalSection(ProjectConfigurationPlatforms) = postSolution
		{6614C3E2-3672-412D-9A34-D5ABEC13AD13}.Debug|Any CPU.ActiveCfg = Debug|Any CPU
		{6614C3E2-3672-412D-9A34-D5ABEC13AD13}.Debug|Any CPU.Build.0 = Debug|Any CPU
		{6614C3E2-3672-412D-9A34-D5ABEC13AD13}.Debug|Any CPU.Deploy.0 = Debug|Any CPU
		{6614C3E2-3672-412D-9A34-D5ABEC13AD13}.Debug|ARM.ActiveCfg = Debug|ARM
		{6614C3E2-3672-412D-9A34-D5ABEC13AD13}.Debug|ARM.Build.0 = Debug|ARM
		{6614C3E2-3672-412D-9A34-D5ABEC13AD13}.Debug|ARM.Deploy.0 = Debug|ARM
		{6614C3E2-3672-412D-9A34-D5ABEC13AD13}.Debug|x86.ActiveCfg = Debug|x86
		{6614C3E2-3672-412D-9A34-D5ABEC13AD13}.Debug|x86.Build.0 = Debug|x86
		{6614C3E2-3672-412D-9A34-D5ABEC13AD13}.Debug|x86.Deploy.0 = Debug|x86
		{6614C3E2-3672-412D-9A34-D5ABEC13AD13}.Release|Any CPU.ActiveCfg = Release|Any CPU
		{6614C3E2-3672-412D-9A34-D5ABEC13AD13}.Release|Any CPU.Build.0 = Release|Any CPU
		{6614C3E2-3672-412D-9A34-D5ABEC13AD13}.Release|Any CPU.Deploy.0 = Release|Any CPU
		{6614C3E2-3672-412D-9A34-D5ABEC13AD13}.Release|ARM.ActiveCfg = Release|ARM
		{6614C3E2-3672-412D-9A34-D5ABEC13AD13}.Release|ARM.Build.0 = Release|ARM
		{6614C3E2-3672-412D-9A34-D5ABEC13AD13}.Release|ARM.Deploy.0 = Release|ARM
		{6614C3E2-3672-412D-9A34-D5ABEC13AD13}.Release|x86.ActiveCfg = Release|x86
		{6614C3E2-3672-412D-9A34-D5ABEC13AD13}.Release|x86.Build.0 = Release|x86
		{6614C3E2-3672-412D-9A34-D5ABEC13AD13}.Release|x86.Deploy.0 = Release|x86
	EndGlobalSection
	GlobalSection(SolutionProperties) = preSolution
		HideSolutionNode = FALSE
	EndGlobalSection
EndGlobal
